{
  "name": "neon-redis",
  "version": "1.0.0",
  "lockfileVersion": 3,
  "requires": true,
  "packages": {
    "": {
      "name": "neon-redis",
      "version": "1.0.0",
      "license": "ISC",
      "dependencies": {
        "@neondatabase/serverless": "^0.9.5",
        "node-cron": "^3.0.3",
        "redis": "^4.7.0",
        "redis-parser": "^3.0.0"
      }
    },
    "node_modules/@neondatabase/serverless": {
      "version": "0.9.5",
      "resolved": "https://registry.npmjs.org/@neondatabase/serverless/-/serverless-0.9.5.tgz",
      "integrity": "sha512-siFas6gItqv6wD/pZnvdu34wEqgG3nSE6zWZdq5j2DEsa+VvX8i/5HXJOo06qrw5axPXn+lGCxeR+NLaSPIXug==",
      "license": "MIT",
      "dependencies": {
        "@types/pg": "8.11.6"
      }
    },
    "node_modules/@redis/bloom": {
      "version": "1.2.0",
      "resolved": "https://registry.npmjs.org/@redis/bloom/-/bloom-1.2.0.tgz",
      "integrity": "sha512-HG2DFjYKbpNmVXsa0keLHp/3leGJz1mjh09f2RLGGLQZzSHpkmZWuwJbAvo3QcRY8p80m5+ZdXZdYOSBLlp7Cg==",
      "license": "MIT",
      "peerDependencies": {
        "@redis/client": "^1.0.0"
      }
    },
    "node_modules/@redis/client": {
      "version": "1.6.0",
      "resolved": "https://registry.npmjs.org/@redis/client/-/client-1.6.0.tgz",
      "integrity": "sha512-aR0uffYI700OEEH4gYnitAnv3vzVGXCFvYfdpu/CJKvk4pHfLPEy/JSZyrpQ+15WhXe1yJRXLtfQ84s4mEXnPg==",
      "license": "MIT",
      "dependencies": {
        "cluster-key-slot": "1.1.2",
        "generic-pool": "3.9.0",
        "yallist": "4.0.0"
      },
      "engines": {
        "node": ">=14"
      }
    },
    "node_modules/@redis/graph": {
      "version": "1.1.1",
      "resolved": "https://registry.npmjs.org/@redis/graph/-/graph-1.1.1.tgz",
      "integrity": "sha512-FEMTcTHZozZciLRl6GiiIB4zGm5z5F3F6a6FZCyrfxdKOhFlGkiAqlexWMBzCi4DcRoyiOsuLfW+cjlGWyExOw==",
      "license": "MIT",
      "peerDependencies": {
        "@redis/client": "^1.0.0"
      }
    },
    "node_modules/@redis/json": {
      "version": "1.0.7",
      "resolved": "https://registry.npmjs.org/@redis/json/-/json-1.0.7.tgz",
      "integrity": "sha512-6UyXfjVaTBTJtKNG4/9Z8PSpKE6XgSyEb8iwaqDcy+uKrd/DGYHTWkUdnQDyzm727V7p21WUMhsqz5oy65kPcQ==",
      "license": "MIT",
      "peerDependencies": {
        "@redis/client": "^1.0.0"
      }
    },
    "node_modules/@redis/search": {
      "version": "1.2.0",
      "resolved": "https://registry.npmjs.org/@redis/search/-/search-1.2.0.tgz",
      "integrity": "sha512-tYoDBbtqOVigEDMAcTGsRlMycIIjwMCgD8eR2t0NANeQmgK/lvxNAvYyb6bZDD4frHRhIHkJu2TBRvB0ERkOmw==",
      "license": "MIT",
      "peerDependencies": {
        "@redis/client": "^1.0.0"
      }
    },
    "node_modules/@redis/time-series": {
      "version": "1.1.0",
      "resolved": "https://registry.npmjs.org/@redis/time-series/-/time-series-1.1.0.tgz",
      "integrity": "sha512-c1Q99M5ljsIuc4YdaCwfUEXsofakb9c8+Zse2qxTadu8TalLXuAESzLvFAvNVbkmSlvlzIQOLpBCmWI9wTOt+g==",
      "license": "MIT",
      "peerDependencies": {
        "@redis/client": "^1.0.0"
      }
    },
    "node_modules/@types/node": {
      "version": "22.5.4",
      "resolved": "https://registry.npmjs.org/@types/node/-/node-22.5.4.tgz",
      "integrity": "sha512-FDuKUJQm/ju9fT/SeX/6+gBzoPzlVCzfzmGkwKvRHQVxi4BntVbyIwf6a4Xn62mrvndLiml6z/UBXIdEVjQLXg==",
      "license": "MIT",
      "dependencies": {
        "undici-types": "~6.19.2"
      }
    },
    "node_modules/@types/pg": {
      "version": "8.11.6",
      "resolved": "https://registry.npmjs.org/@types/pg/-/pg-8.11.6.tgz",
      "integrity": "sha512-/2WmmBXHLsfRqzfHW7BNZ8SbYzE8OSk7i3WjFYvfgRHj7S1xj+16Je5fUKv3lVdVzk/zn9TXOqf+avFCFIE0yQ==",
      "license": "MIT",
      "dependencies": {
        "@types/node": "*",
        "pg-protocol": "*",
        "pg-types": "^4.0.1"
      }
    },
    "node_modules/cluster-key-slot": {
      "version": "1.1.2",
      "resolved": "https://registry.npmjs.org/cluster-key-slot/-/cluster-key-slot-1.1.2.tgz",
      "integrity": "sha512-RMr0FhtfXemyinomL4hrWcYJxmX6deFdCxpJzhDttxgO1+bcCnkk+9drydLVDmAMG7NE6aN/fl4F7ucU/90gAA==",
      "license": "Apache-2.0",
      "engines": {
        "node": ">=0.10.0"
      }
    },
    "node_modules/generic-pool": {
      "version": "3.9.0",
      "resolved": "https://registry.npmjs.org/generic-pool/-/generic-pool-3.9.0.tgz",
      "integrity": "sha512-hymDOu5B53XvN4QT9dBmZxPX4CWhBPPLguTZ9MMFeFa/Kg0xWVfylOVNlJji/E7yTZWFd/q9GO5TxDLq156D7g==",
      "license": "MIT",
      "engines": {
        "node": ">= 4"
      }
    },
    "node_modules/node-cron": {
      "version": "3.0.3",
      "resolved": "https://registry.npmjs.org/node-cron/-/node-cron-3.0.3.tgz",
      "integrity": "sha512-dOal67//nohNgYWb+nWmg5dkFdIwDm8EpeGYMekPMrngV3637lqnX0lbUcCtgibHTz6SEz7DAIjKvKDFYCnO1A==",
      "license": "ISC",
      "dependencies": {
        "uuid": "8.3.2"
      },
      "engines": {
        "node": ">=6.0.0"
      }
    },
    "node_modules/obuf": {
      "version": "1.1.2",
      "resolved": "https://registry.npmjs.org/obuf/-/obuf-1.1.2.tgz",
      "integrity": "sha512-PX1wu0AmAdPqOL1mWhqmlOd8kOIZQwGZw6rh7uby9fTc5lhaOWFLX3I6R1hrF9k3zUY40e6igsLGkDXK92LJNg==",
      "license": "MIT"
    },
    "node_modules/pg-int8": {
      "version": "1.0.1",
      "resolved": "https://registry.npmjs.org/pg-int8/-/pg-int8-1.0.1.tgz",
      "integrity": "sha512-WCtabS6t3c8SkpDBUlb1kjOs7l66xsGdKpIPZsg4wR+B3+u9UAum2odSsF9tnvxg80h4ZxLWMy4pRjOsFIqQpw==",
      "license": "ISC",
      "engines": {
        "node": ">=4.0.0"
      }
    },
    "node_modules/pg-numeric": {
      "version": "1.0.2",
      "resolved": "https://registry.npmjs.org/pg-numeric/-/pg-numeric-1.0.2.tgz",
      "integrity": "sha512-BM/Thnrw5jm2kKLE5uJkXqqExRUY/toLHda65XgFTBTFYZyopbKjBe29Ii3RbkvlsMoFwD+tHeGaCjjv0gHlyw==",
      "license": "ISC",
      "engines": {
        "node": ">=4"
      }
    },
    "node_modules/pg-protocol": {
      "version": "1.6.1",
      "resolved": "https://registry.npmjs.org/pg-protocol/-/pg-protocol-1.6.1.tgz",
      "integrity": "sha512-jPIlvgoD63hrEuihvIg+tJhoGjUsLPn6poJY9N5CnlPd91c2T18T/9zBtLxZSb1EhYxBRoZJtzScCaWlYLtktg==",
      "license": "MIT"
    },
    "node_modules/pg-types": {
      "version": "4.0.2",
      "resolved": "https://registry.npmjs.org/pg-types/-/pg-types-4.0.2.tgz",
      "integrity": "sha512-cRL3JpS3lKMGsKaWndugWQoLOCoP+Cic8oseVcbr0qhPzYD5DWXK+RZ9LY9wxRf7RQia4SCwQlXk0q6FCPrVng==",
      "license": "MIT",
      "dependencies": {
        "pg-int8": "1.0.1",
        "pg-numeric": "1.0.2",
        "postgres-array": "~3.0.1",
        "postgres-bytea": "~3.0.0",
        "postgres-date": "~2.1.0",
        "postgres-interval": "^3.0.0",
        "postgres-range": "^1.1.1"
      },
      "engines": {
        "node": ">=10"
      }
    },
    "node_modules/postgres-array": {
      "version": "3.0.2",
      "resolved": "https://registry.npmjs.org/postgres-array/-/postgres-array-3.0.2.tgz",
      "integrity": "sha512-6faShkdFugNQCLwucjPcY5ARoW1SlbnrZjmGl0IrrqewpvxvhSLHimCVzqeuULCbG0fQv7Dtk1yDbG3xv7Veog==",
      "license": "MIT",
      "engines": {
        "node": ">=12"
      }
    },
    "node_modules/postgres-bytea": {
      "version": "3.0.0",
      "resolved": "https://registry.npmjs.org/postgres-bytea/-/postgres-bytea-3.0.0.tgz",
      "integrity": "sha512-CNd4jim9RFPkObHSjVHlVrxoVQXz7quwNFpz7RY1okNNme49+sVyiTvTRobiLV548Hx/hb1BG+iE7h9493WzFw==",
      "license": "MIT",
      "dependencies": {
        "obuf": "~1.1.2"
      },
      "engines": {
        "node": ">= 6"
      }
    },
    "node_modules/postgres-date": {
      "version": "2.1.0",
      "resolved": "https://registry.npmjs.org/postgres-date/-/postgres-date-2.1.0.tgz",
      "integrity": "sha512-K7Juri8gtgXVcDfZttFKVmhglp7epKb1K4pgrkLxehjqkrgPhfG6OO8LHLkfaqkbpjNRnra018XwAr1yQFWGcA==",
      "license": "MIT",
      "engines": {
        "node": ">=12"
      }
    },
    "node_modules/postgres-interval": {
      "version": "3.0.0",
      "resolved": "https://registry.npmjs.org/postgres-interval/-/postgres-interval-3.0.0.tgz",
      "integrity": "sha512-BSNDnbyZCXSxgA+1f5UU2GmwhoI0aU5yMxRGO8CdFEcY2BQF9xm/7MqKnYoM1nJDk8nONNWDk9WeSmePFhQdlw==",
      "license": "MIT",
      "engines": {
        "node": ">=12"
      }
    },
    "node_modules/postgres-range": {
      "version": "1.1.4",
      "resolved": "https://registry.npmjs.org/postgres-range/-/postgres-range-1.1.4.tgz",
      "integrity": "sha512-i/hbxIE9803Alj/6ytL7UHQxRvZkI9O4Sy+J3HGc4F4oo/2eQAjTSNJ0bfxyse3bH0nuVesCk+3IRLaMtG3H6w==",
      "license": "MIT"
    },
    "node_modules/redis": {
      "version": "4.7.0",
      "resolved": "https://registry.npmjs.org/redis/-/redis-4.7.0.tgz",
      "integrity": "sha512-zvmkHEAdGMn+hMRXuMBtu4Vo5P6rHQjLoHftu+lBqq8ZTA3RCVC/WzD790bkKKiNFp7d5/9PcSD19fJyyRvOdQ==",
      "license": "MIT",
      "workspaces": [
        "./packages/*"
      ],
      "dependencies": {
        "@redis/bloom": "1.2.0",
        "@redis/client": "1.6.0",
        "@redis/graph": "1.1.1",
        "@redis/json": "1.0.7",
        "@redis/search": "1.2.0",
        "@redis/time-series": "1.1.0"
      }
    },
    "node_modules/redis-errors": {
      "version": "1.2.0",
      "resolved": "https://registry.npmjs.org/redis-errors/-/redis-errors-1.2.0.tgz",
      "integrity": "sha512-1qny3OExCf0UvUV/5wpYKf2YwPcOqXzkwKKSmKHiE6ZMQs5heeE/c8eXK+PNllPvmjgAbfnsbpkGZWy8cBpn9w==",
      "license": "MIT",
      "engines": {
        "node": ">=4"
      }
    },
    "node_modules/redis-parser": {
      "version": "3.0.0",
      "resolved": "https://registry.npmjs.org/redis-parser/-/redis-parser-3.0.0.tgz",
      "integrity": "sha512-DJnGAeenTdpMEH6uAJRK/uiyEIH9WVsUmoLwzudwGJUwZPp80PDBWPHXSAGNPwNvIXAbe7MSUB1zQFugFml66A==",
      "license": "MIT",
      "dependencies": {
        "redis-errors": "^1.0.0"
      },
      "engines": {
        "node": ">=4"
      }
    },
    "node_modules/undici-types": {
      "version": "6.19.8",
      "resolved": "https://registry.npmjs.org/undici-types/-/undici-types-6.19.8.tgz",
      "integrity": "sha512-ve2KP6f/JnbPBFyobGHuerC9g1FYGn/F8n1LWTwNxCEzd6IfqTwUQcNXgEtmmQ6DlRrC1hrSrBnCZPokRrDHjw==",
      "license": "MIT"
    },
    "node_modules/uuid": {
      "version": "8.3.2",
      "resolved": "https://registry.npmjs.org/uuid/-/uuid-8.3.2.tgz",
      "integrity": "sha512-+NYs2QeMWy+GWFOEm9xnn6HCDp0l7QBD7ml8zLUmJ+93Q5NF0NocErnwkTkXVFNiX3/fpC6afS8Dhb/gz7R7eg==",
      "license": "MIT",
      "bin": {
        "uuid": "dist/bin/uuid"
      }
    },
    "node_modules/yallist": {
      "version": "4.0.0",
      "resolved": "https://registry.npmjs.org/yallist/-/yallist-4.0.0.tgz",
      "integrity": "sha512-3wdGidZyq5PB084XLES5TpOSRA3wjXAlIWMhum2kRcv/41Sn2emQ0dycQW4uZXLejwKvg6EsvbdlVL+FYEct7A==",
      "license": "ISC"
    }
  }
}
